
Microsoft Visual Studio Solution File, Format Version 12.00
# Visual Studio Version 16
VisualStudioVersion = 16.0.30128.74
MinimumVisualStudioVersion = 10.0.40219.1
Project("{2150E333-8FDC-42A3-9474-1A3956D46DE8}") = "Droid", "Droid", "{CFF52087-2C2B-46CA-9B33-5CE055037CEA}"
EndProject
Project("{2150E333-8FDC-42A3-9474-1A3956D46DE8}") = "iOS", "iOS", "{F15BE073-8C96-4CDE-9816-AE5ED45279A5}"
EndProject
Project("{FAE04EC0-301F-11D3-BF4B-00C04F79EFBC}") = "JitsiMeet.Droid.Sample", "Droid\JitsiMeet.Droid.Sample\JitsiMeet.Droid.Sample.csproj", "{B8BCF0A5-9BE8-4CFF-99FB-E783BD17345F}"
EndProject
Project("{2150E333-8FDC-42A3-9474-1A3956D46DE8}") = "Solution Items", "Solution Items", "{CD00C330-038B-4785-A42C-E7AB64ED0537}"
	ProjectSection(SolutionItems) = preProject
		.editorconfig = .editorconfig
		.gitignore = .gitignore
		Directory.build.props = Directory.build.props
		global.json = global.json
		README.md = README.md
	EndProjectSection
EndProject
Project("{2150E333-8FDC-42A3-9474-1A3956D46DE8}") = "Sources", "Sources", "{E3DB6DC0-0F75-44EF-B3F8-D0E749E640D6}"
EndProject
Project("{9A19103F-16F7-4668-BE54-9A1E7A4F7556}") = "Facebook.ReactNative.Calendar.Events.Droid", "Droid\JitsiBindings\Facebook.ReactNative.Calendar.Events.Droid\Facebook.ReactNative.Calendar.Events.Droid.csproj", "{851EDC4B-0D3C-497D-833C-04DCCC582060}"
EndProject
Project("{9A19103F-16F7-4668-BE54-9A1E7A4F7556}") = "Facebook.ReactNative.Background.Timer.Droid", "Droid\JitsiBindings\Facebook.ReactNative.Background.Timer.Droid\Facebook.ReactNative.Background.Timer.Droid.csproj", "{4A1AFD30-4084-4CDF-8D59-60B701F2022B}"
EndProject
Project("{9A19103F-16F7-4668-BE54-9A1E7A4F7556}") = "Facebook.ReactNative.Community.Async.Storage.Droid", "Droid\JitsiBindings\Facebook.ReactNative.Community.Async.Storage.Droid\Facebook.ReactNative.Community.Async.Storage.Droid.csproj", "{44005E12-CA64-4BE4-9304-FE1855EDBF79}"
EndProject
Project("{9A19103F-16F7-4668-BE54-9A1E7A4F7556}") = "Facebook.ReactNative.Community.Netinfo.Droid", "Droid\JitsiBindings\Facebook.ReactNative.Community.Netinfo.Droid\Facebook.ReactNative.Community.Netinfo.Droid.csproj", "{ABA2D592-2493-41E8-8DE3-63BBAF638BAA}"
EndProject
Project("{9A19103F-16F7-4668-BE54-9A1E7A4F7556}") = "Facebook.ReactNative.Default.Preference.Droid", "Droid\JitsiBindings\Facebook.ReactNative.Default.Preference.Droid\Facebook.ReactNative.Default.Preference.Droid.csproj", "{7F8D7844-050C-4783-9BB2-C888B34B3EAD}"
EndProject
Project("{9A19103F-16F7-4668-BE54-9A1E7A4F7556}") = "Facebook.ReactNative.LinearGradient.Droid", "Droid\JitsiBindings\Facebook.ReactNative.LinearGradient.Droid\Facebook.ReactNative.LinearGradient.Droid.csproj", "{19B2565B-20B3-44D7-B2CB-172880775AE2}"
EndProject
Project("{9A19103F-16F7-4668-BE54-9A1E7A4F7556}") = "JitsiMeet.Sdk.Droid", "Droid\JitsiBindings\JitsiMeet.Sdk.Droid\JitsiMeet.Sdk.Droid.csproj", "{42429DD1-5BE5-46E1-A943-5340901A51EE}"
EndProject
Project("{9A19103F-16F7-4668-BE54-9A1E7A4F7556}") = "Facebook.ReactNative.Fast.Image.Droid", "Droid\JitsiBindings\Facebook.ReactNative.Fast.Image.Droid\Facebook.ReactNative.Fast.Image.Droid.csproj", "{15537FF0-EC15-492F-B0F3-D09E79F48C40}"
EndProject
Project("{9A19103F-16F7-4668-BE54-9A1E7A4F7556}") = "Facebook.ReactNative.Keep.Awake.Droid", "Droid\JitsiBindings\Facebook.ReactNative.Keep.Awake.Droid\Facebook.ReactNative.Keep.Awake.Droid.csproj", "{4F207273-CA14-4B54-A40F-8DA7AA4232E7}"
EndProject
Project("{9A19103F-16F7-4668-BE54-9A1E7A4F7556}") = "Facebook.ReactNative.WebRTC.Droid", "Droid\JitsiBindings\Facebook.ReactNative.WebRTC.Droid\Facebook.ReactNative.WebRTC.Droid.csproj", "{6C7B13A2-8F8F-40E1-8ACF-E795BE66BA52}"
EndProject
Project("{9A19103F-16F7-4668-BE54-9A1E7A4F7556}") = "Facebook.ReactNative.WebView.Droid", "Droid\JitsiBindings\Facebook.ReactNative.WebView.Droid\Facebook.ReactNative.WebView.Droid.csproj", "{BD39B68A-5DD4-4B2A-8923-2FF6C2ED6563}"
EndProject
Project("{9A19103F-16F7-4668-BE54-9A1E7A4F7556}") = "Facebook.ReactNative.Svg.Droid", "Droid\JitsiBindings\Facebook.ReactNative.Svg.Droid\Facebook.ReactNative.Svg.Droid.csproj", "{B780CEF5-1FA0-44E4-A037-5631C5C959EA}"
EndProject
Project("{9A19103F-16F7-4668-BE54-9A1E7A4F7556}") = "Facebook.ReactNative.Vector.Icons.Droid", "Droid\JitsiBindings\Facebook.ReactNative.Vector.Icons.Droid\Facebook.ReactNative.Vector.Icons.Droid.csproj", "{465BD4A7-6C21-41A5-92C0-F9515344943F}"
EndProject
Project("{9A19103F-16F7-4668-BE54-9A1E7A4F7556}") = "Facebook.ReactNative.Local.Detector.Droid", "Droid\JitsiBindings\Facebook.ReactNative.Local.Detector.Droid\Facebook.ReactNative.Local.Detector.Droid.csproj", "{BEC7D17E-153C-4BC4-8D1E-C62993B7643F}"
EndProject
Project("{9A19103F-16F7-4668-BE54-9A1E7A4F7556}") = "Facebook.ReactNative.Sound.Droid", "Droid\JitsiBindings\Facebook.ReactNative.Sound.Droid\Facebook.ReactNative.Sound.Droid.csproj", "{D0F5DF03-D7CE-42B6-8010-2FC90A3D47D3}"
EndProject
Project("{9A19103F-16F7-4668-BE54-9A1E7A4F7556}") = "Facebook.ReactNative.Fetch.Blob.Droid", "Droid\JitsiBindings\Facebook.ReactNative.Fetch.Blob.Droid\Facebook.ReactNative.Fetch.Blob.Droid.csproj", "{25B5D0F5-6F07-4B30-8E9E-19E100472C9A}"
EndProject
Project("{9A19103F-16F7-4668-BE54-9A1E7A4F7556}") = "Facebook.ReactNative.Google.Signin.Droid", "Droid\JitsiBindings\Facebook.ReactNative.Google.Signin.Droid\Facebook.ReactNative.Google.Signin.Droid.csproj", "{B2814224-B14C-409B-BC39-0B0279A4E2D4}"
EndProject
Project("{9A19103F-16F7-4668-BE54-9A1E7A4F7556}") = "Facebook.ReactNative.Immersive.Droid", "Droid\JitsiBindings\Facebook.ReactNative.Immersive.Droid\Facebook.ReactNative.Immersive.Droid.csproj", "{FF7C2CCB-6936-451F-9AC5-35B0BE9FB455}"
EndProject
Project("{9A19103F-16F7-4668-BE54-9A1E7A4F7556}") = "Facebook.Hermes.Droid", "Droid\JitsiBindings\Facebook.Hermes.Droid\Facebook.Hermes.Droid.csproj", "{5C257D97-247D-4B9E-931E-F6D5C96C6DCB}"
EndProject
Project("{9A19103F-16F7-4668-BE54-9A1E7A4F7556}") = "Facebook.ReactNative.Droid", "Droid\JitsiBindings\Facebook.ReactNative.Droid\Facebook.ReactNative.Droid.csproj", "{19BF0E10-EDE7-4A1C-9F7C-52C5999D747D}"
EndProject
Project("{2150E333-8FDC-42A3-9474-1A3956D46DE8}") = "JitsiBindings", "JitsiBindings", "{7D2A5366-9BB2-42FD-BE7E-BFF6DD79199F}"
	ProjectSection(SolutionItems) = preProject
		Droid\JitsiMeet.Droid.Sample\Directory.build.props = Droid\JitsiMeet.Droid.Sample\Directory.build.props
	EndProjectSection
EndProject
Project("{2150E333-8FDC-42A3-9474-1A3956D46DE8}") = "Utils", "Utils", "{FAA641F2-338C-4F39-98B5-0628BEA73481}"
EndProject
Project("{9A19103F-16F7-4668-BE54-9A1E7A4F7556}") = "Facebook.ReacNative.Jsc.Droid", "Droid\JitsiBindings\Facebook.ReacNative.Jsc.Droid\Facebook.ReacNative.Jsc.Droid.csproj", "{E0BF235B-E037-4441-B990-E562B27B47C3}"
EndProject
Project("{9A19103F-16F7-4668-BE54-9A1E7A4F7556}") = "JitsiMavenRepositoryReader", "Droid\JitsiMavenRepositoryReader\JitsiMavenRepositoryReader.csproj", "{03967E60-B843-4682-AF79-80A12D2E85C1}"
EndProject
Project("{9A19103F-16F7-4668-BE54-9A1E7A4F7556}") = "IgniteRealTime.Smack.Droid", "Droid\JitsiBindings\IgniteRealTime.Smack.Droid\IgniteRealTime.Smack.Droid.csproj", "{DAF18DE2-944A-4BDD-B161-414CE595B8CA}"
EndProject
Project("{9A19103F-16F7-4668-BE54-9A1E7A4F7556}") = "BoundcyCastle.BcpProv.Droid", "Droid\JitsiBindings\BoundcyCastle.BcpProv.Droid\BoundcyCastle.BcpProv.Droid.csproj", "{A6D3D9C0-A75E-449D-ADD6-91D8EC5FD489}"
EndProject
Global
	GlobalSection(SolutionConfigurationPlatforms) = preSolution
		Debug|Any CPU = Debug|Any CPU
		Release|Any CPU = Release|Any CPU
	EndGlobalSection
	GlobalSection(ProjectConfigurationPlatforms) = postSolution
		{B8BCF0A5-9BE8-4CFF-99FB-E783BD17345F}.Debug|Any CPU.ActiveCfg = Debug|Any CPU
		{B8BCF0A5-9BE8-4CFF-99FB-E783BD17345F}.Debug|Any CPU.Build.0 = Debug|Any CPU
		{B8BCF0A5-9BE8-4CFF-99FB-E783BD17345F}.Debug|Any CPU.Deploy.0 = Debug|Any CPU
		{B8BCF0A5-9BE8-4CFF-99FB-E783BD17345F}.Release|Any CPU.ActiveCfg = Release|Any CPU
		{B8BCF0A5-9BE8-4CFF-99FB-E783BD17345F}.Release|Any CPU.Build.0 = Release|Any CPU
		{B8BCF0A5-9BE8-4CFF-99FB-E783BD17345F}.Release|Any CPU.Deploy.0 = Release|Any CPU
		{851EDC4B-0D3C-497D-833C-04DCCC582060}.Debug|Any CPU.ActiveCfg = Debug|Any CPU
		{851EDC4B-0D3C-497D-833C-04DCCC582060}.Debug|Any CPU.Build.0 = Debug|Any CPU
		{851EDC4B-0D3C-497D-833C-04DCCC582060}.Release|Any CPU.ActiveCfg = Release|Any CPU
		{851EDC4B-0D3C-497D-833C-04DCCC582060}.Release|Any CPU.Build.0 = Release|Any CPU
		{4A1AFD30-4084-4CDF-8D59-60B701F2022B}.Debug|Any CPU.ActiveCfg = Debug|Any CPU
		{4A1AFD30-4084-4CDF-8D59-60B701F2022B}.Debug|Any CPU.Build.0 = Debug|Any CPU
		{4A1AFD30-4084-4CDF-8D59-60B701F2022B}.Release|Any CPU.ActiveCfg = Release|Any CPU
		{4A1AFD30-4084-4CDF-8D59-60B701F2022B}.Release|Any CPU.Build.0 = Release|Any CPU
		{44005E12-CA64-4BE4-9304-FE1855EDBF79}.Debug|Any CPU.ActiveCfg = Debug|Any CPU
		{44005E12-CA64-4BE4-9304-FE1855EDBF79}.Debug|Any CPU.Build.0 = Debug|Any CPU
		{44005E12-CA64-4BE4-9304-FE1855EDBF79}.Release|Any CPU.ActiveCfg = Release|Any CPU
		{44005E12-CA64-4BE4-9304-FE1855EDBF79}.Release|Any CPU.Build.0 = Release|Any CPU
		{ABA2D592-2493-41E8-8DE3-63BBAF638BAA}.Debug|Any CPU.ActiveCfg = Debug|Any CPU
		{ABA2D592-2493-41E8-8DE3-63BBAF638BAA}.Debug|Any CPU.Build.0 = Debug|Any CPU
		{ABA2D592-2493-41E8-8DE3-63BBAF638BAA}.Release|Any CPU.ActiveCfg = Release|Any CPU
		{ABA2D592-2493-41E8-8DE3-63BBAF638BAA}.Release|Any CPU.Build.0 = Release|Any CPU
		{7F8D7844-050C-4783-9BB2-C888B34B3EAD}.Debug|Any CPU.ActiveCfg = Debug|Any CPU
		{7F8D7844-050C-4783-9BB2-C888B34B3EAD}.Debug|Any CPU.Build.0 = Debug|Any CPU
		{7F8D7844-050C-4783-9BB2-C888B34B3EAD}.Release|Any CPU.ActiveCfg = Release|Any CPU
		{7F8D7844-050C-4783-9BB2-C888B34B3EAD}.Release|Any CPU.Build.0 = Release|Any CPU
		{19B2565B-20B3-44D7-B2CB-172880775AE2}.Debug|Any CPU.ActiveCfg = Debug|Any CPU
		{19B2565B-20B3-44D7-B2CB-172880775AE2}.Debug|Any CPU.Build.0 = Debug|Any CPU
		{19B2565B-20B3-44D7-B2CB-172880775AE2}.Release|Any CPU.ActiveCfg = Release|Any CPU
		{19B2565B-20B3-44D7-B2CB-172880775AE2}.Release|Any CPU.Build.0 = Release|Any CPU
		{42429DD1-5BE5-46E1-A943-5340901A51EE}.Debug|Any CPU.ActiveCfg = Debug|Any CPU
		{42429DD1-5BE5-46E1-A943-5340901A51EE}.Debug|Any CPU.Build.0 = Debug|Any CPU
		{42429DD1-5BE5-46E1-A943-5340901A51EE}.Release|Any CPU.ActiveCfg = Release|Any CPU
		{42429DD1-5BE5-46E1-A943-5340901A51EE}.Release|Any CPU.Build.0 = Release|Any CPU
		{15537FF0-EC15-492F-B0F3-D09E79F48C40}.Debug|Any CPU.ActiveCfg = Debug|Any CPU
		{15537FF0-EC15-492F-B0F3-D09E79F48C40}.Debug|Any CPU.Build.0 = Debug|Any CPU
		{15537FF0-EC15-492F-B0F3-D09E79F48C40}.Release|Any CPU.ActiveCfg = Release|Any CPU
		{15537FF0-EC15-492F-B0F3-D09E79F48C40}.Release|Any CPU.Build.0 = Release|Any CPU
		{4F207273-CA14-4B54-A40F-8DA7AA4232E7}.Debug|Any CPU.ActiveCfg = Debug|Any CPU
		{4F207273-CA14-4B54-A40F-8DA7AA4232E7}.Debug|Any CPU.Build.0 = Debug|Any CPU
		{4F207273-CA14-4B54-A40F-8DA7AA4232E7}.Release|Any CPU.ActiveCfg = Release|Any CPU
		{4F207273-CA14-4B54-A40F-8DA7AA4232E7}.Release|Any CPU.Build.0 = Release|Any CPU
		{6C7B13A2-8F8F-40E1-8ACF-E795BE66BA52}.Debug|Any CPU.ActiveCfg = Debug|Any CPU
		{6C7B13A2-8F8F-40E1-8ACF-E795BE66BA52}.Debug|Any CPU.Build.0 = Debug|Any CPU
		{6C7B13A2-8F8F-40E1-8ACF-E795BE66BA52}.Release|Any CPU.ActiveCfg = Release|Any CPU
		{6C7B13A2-8F8F-40E1-8ACF-E795BE66BA52}.Release|Any CPU.Build.0 = Release|Any CPU
		{BD39B68A-5DD4-4B2A-8923-2FF6C2ED6563}.Debug|Any CPU.ActiveCfg = Debug|Any CPU
		{BD39B68A-5DD4-4B2A-8923-2FF6C2ED6563}.Debug|Any CPU.Build.0 = Debug|Any CPU
		{BD39B68A-5DD4-4B2A-8923-2FF6C2ED6563}.Release|Any CPU.ActiveCfg = Release|Any CPU
		{BD39B68A-5DD4-4B2A-8923-2FF6C2ED6563}.Release|Any CPU.Build.0 = Release|Any CPU
		{B780CEF5-1FA0-44E4-A037-5631C5C959EA}.Debug|Any CPU.ActiveCfg = Debug|Any CPU
		{B780CEF5-1FA0-44E4-A037-5631C5C959EA}.Debug|Any CPU.Build.0 = Debug|Any CPU
		{B780CEF5-1FA0-44E4-A037-5631C5C959EA}.Release|Any CPU.ActiveCfg = Release|Any CPU
		{B780CEF5-1FA0-44E4-A037-5631C5C959EA}.Release|Any CPU.Build.0 = Release|Any CPU
		{465BD4A7-6C21-41A5-92C0-F9515344943F}.Debug|Any CPU.ActiveCfg = Debug|Any CPU
		{465BD4A7-6C21-41A5-92C0-F9515344943F}.Debug|Any CPU.Build.0 = Debug|Any CPU
		{465BD4A7-6C21-41A5-92C0-F9515344943F}.Release|Any CPU.ActiveCfg = Release|Any CPU
		{465BD4A7-6C21-41A5-92C0-F9515344943F}.Release|Any CPU.Build.0 = Release|Any CPU
		{BEC7D17E-153C-4BC4-8D1E-C62993B7643F}.Debug|Any CPU.ActiveCfg = Debug|Any CPU
		{BEC7D17E-153C-4BC4-8D1E-C62993B7643F}.Debug|Any CPU.Build.0 = Debug|Any CPU
		{BEC7D17E-153C-4BC4-8D1E-C62993B7643F}.Release|Any CPU.ActiveCfg = Release|Any CPU
		{BEC7D17E-153C-4BC4-8D1E-C62993B7643F}.Release|Any CPU.Build.0 = Release|Any CPU
		{D0F5DF03-D7CE-42B6-8010-2FC90A3D47D3}.Debug|Any CPU.ActiveCfg = Debug|Any CPU
		{D0F5DF03-D7CE-42B6-8010-2FC90A3D47D3}.Debug|Any CPU.Build.0 = Debug|Any CPU
		{D0F5DF03-D7CE-42B6-8010-2FC90A3D47D3}.Release|Any CPU.ActiveCfg = Release|Any CPU
		{D0F5DF03-D7CE-42B6-8010-2FC90A3D47D3}.Release|Any CPU.Build.0 = Release|Any CPU
		{25B5D0F5-6F07-4B30-8E9E-19E100472C9A}.Debug|Any CPU.ActiveCfg = Debug|Any CPU
		{25B5D0F5-6F07-4B30-8E9E-19E100472C9A}.Debug|Any CPU.Build.0 = Debug|Any CPU
		{25B5D0F5-6F07-4B30-8E9E-19E100472C9A}.Release|Any CPU.ActiveCfg = Release|Any CPU
		{25B5D0F5-6F07-4B30-8E9E-19E100472C9A}.Release|Any CPU.Build.0 = Release|Any CPU
		{B2814224-B14C-409B-BC39-0B0279A4E2D4}.Debug|Any CPU.ActiveCfg = Debug|Any CPU
		{B2814224-B14C-409B-BC39-0B0279A4E2D4}.Debug|Any CPU.Build.0 = Debug|Any CPU
		{B2814224-B14C-409B-BC39-0B0279A4E2D4}.Release|Any CPU.ActiveCfg = Release|Any CPU
		{B2814224-B14C-409B-BC39-0B0279A4E2D4}.Release|Any CPU.Build.0 = Release|Any CPU
		{FF7C2CCB-6936-451F-9AC5-35B0BE9FB455}.Debug|Any CPU.ActiveCfg = Debug|Any CPU
		{FF7C2CCB-6936-451F-9AC5-35B0BE9FB455}.Debug|Any CPU.Build.0 = Debug|Any CPU
		{FF7C2CCB-6936-451F-9AC5-35B0BE9FB455}.Release|Any CPU.ActiveCfg = Release|Any CPU
		{FF7C2CCB-6936-451F-9AC5-35B0BE9FB455}.Release|Any CPU.Build.0 = Release|Any CPU
		{5C257D97-247D-4B9E-931E-F6D5C96C6DCB}.Debug|Any CPU.ActiveCfg = Debug|Any CPU
		{5C257D97-247D-4B9E-931E-F6D5C96C6DCB}.Debug|Any CPU.Build.0 = Debug|Any CPU
		{5C257D97-247D-4B9E-931E-F6D5C96C6DCB}.Release|Any CPU.ActiveCfg = Release|Any CPU
		{5C257D97-247D-4B9E-931E-F6D5C96C6DCB}.Release|Any CPU.Build.0 = Release|Any CPU
		{19BF0E10-EDE7-4A1C-9F7C-52C5999D747D}.Debug|Any CPU.ActiveCfg = Debug|Any CPU
		{19BF0E10-EDE7-4A1C-9F7C-52C5999D747D}.Debug|Any CPU.Build.0 = Debug|Any CPU
		{19BF0E10-EDE7-4A1C-9F7C-52C5999D747D}.Release|Any CPU.ActiveCfg = Release|Any CPU
		{19BF0E10-EDE7-4A1C-9F7C-52C5999D747D}.Release|Any CPU.Build.0 = Release|Any CPU
		{E0BF235B-E037-4441-B990-E562B27B47C3}.Debug|Any CPU.ActiveCfg = Debug|Any CPU
		{E0BF235B-E037-4441-B990-E562B27B47C3}.Debug|Any CPU.Build.0 = Debug|Any CPU
		{E0BF235B-E037-4441-B990-E562B27B47C3}.Release|Any CPU.ActiveCfg = Release|Any CPU
		{E0BF235B-E037-4441-B990-E562B27B47C3}.Release|Any CPU.Build.0 = Release|Any CPU
		{03967E60-B843-4682-AF79-80A12D2E85C1}.Debug|Any CPU.ActiveCfg = Debug|Any CPU
		{03967E60-B843-4682-AF79-80A12D2E85C1}.Debug|Any CPU.Build.0 = Debug|Any CPU
		{03967E60-B843-4682-AF79-80A12D2E85C1}.Release|Any CPU.ActiveCfg = Release|Any CPU
		{03967E60-B843-4682-AF79-80A12D2E85C1}.Release|Any CPU.Build.0 = Release|Any CPU
		{DAF18DE2-944A-4BDD-B161-414CE595B8CA}.Debug|Any CPU.ActiveCfg = Debug|Any CPU
		{DAF18DE2-944A-4BDD-B161-414CE595B8CA}.Debug|Any CPU.Build.0 = Debug|Any CPU
		{DAF18DE2-944A-4BDD-B161-414CE595B8CA}.Release|Any CPU.ActiveCfg = Release|Any CPU
		{DAF18DE2-944A-4BDD-B161-414CE595B8CA}.Release|Any CPU.Build.0 = Release|Any CPU
		{A6D3D9C0-A75E-449D-ADD6-91D8EC5FD489}.Debug|Any CPU.ActiveCfg = Debug|Any CPU
		{A6D3D9C0-A75E-449D-ADD6-91D8EC5FD489}.Debug|Any CPU.Build.0 = Debug|Any CPU
		{A6D3D9C0-A75E-449D-ADD6-91D8EC5FD489}.Release|Any CPU.ActiveCfg = Release|Any CPU
		{A6D3D9C0-A75E-449D-ADD6-91D8EC5FD489}.Release|Any CPU.Build.0 = Release|Any CPU
	EndGlobalSection
	GlobalSection(SolutionProperties) = preSolution
		HideSolutionNode = FALSE
	EndGlobalSection
	GlobalSection(NestedProjects) = preSolution
		{CFF52087-2C2B-46CA-9B33-5CE055037CEA} = {E3DB6DC0-0F75-44EF-B3F8-D0E749E640D6}
		{F15BE073-8C96-4CDE-9816-AE5ED45279A5} = {E3DB6DC0-0F75-44EF-B3F8-D0E749E640D6}
		{B8BCF0A5-9BE8-4CFF-99FB-E783BD17345F} = {CFF52087-2C2B-46CA-9B33-5CE055037CEA}
		{851EDC4B-0D3C-497D-833C-04DCCC582060} = {7D2A5366-9BB2-42FD-BE7E-BFF6DD79199F}
		{4A1AFD30-4084-4CDF-8D59-60B701F2022B} = {7D2A5366-9BB2-42FD-BE7E-BFF6DD79199F}
		{44005E12-CA64-4BE4-9304-FE1855EDBF79} = {7D2A5366-9BB2-42FD-BE7E-BFF6DD79199F}
		{ABA2D592-2493-41E8-8DE3-63BBAF638BAA} = {7D2A5366-9BB2-42FD-BE7E-BFF6DD79199F}
		{7F8D7844-050C-4783-9BB2-C888B34B3EAD} = {7D2A5366-9BB2-42FD-BE7E-BFF6DD79199F}
		{19B2565B-20B3-44D7-B2CB-172880775AE2} = {7D2A5366-9BB2-42FD-BE7E-BFF6DD79199F}
		{42429DD1-5BE5-46E1-A943-5340901A51EE} = {7D2A5366-9BB2-42FD-BE7E-BFF6DD79199F}
		{15537FF0-EC15-492F-B0F3-D09E79F48C40} = {7D2A5366-9BB2-42FD-BE7E-BFF6DD79199F}
		{4F207273-CA14-4B54-A40F-8DA7AA4232E7} = {7D2A5366-9BB2-42FD-BE7E-BFF6DD79199F}
		{6C7B13A2-8F8F-40E1-8ACF-E795BE66BA52} = {7D2A5366-9BB2-42FD-BE7E-BFF6DD79199F}
		{BD39B68A-5DD4-4B2A-8923-2FF6C2ED6563} = {7D2A5366-9BB2-42FD-BE7E-BFF6DD79199F}
		{B780CEF5-1FA0-44E4-A037-5631C5C959EA} = {7D2A5366-9BB2-42FD-BE7E-BFF6DD79199F}
		{465BD4A7-6C21-41A5-92C0-F9515344943F} = {7D2A5366-9BB2-42FD-BE7E-BFF6DD79199F}
		{BEC7D17E-153C-4BC4-8D1E-C62993B7643F} = {7D2A5366-9BB2-42FD-BE7E-BFF6DD79199F}
		{D0F5DF03-D7CE-42B6-8010-2FC90A3D47D3} = {7D2A5366-9BB2-42FD-BE7E-BFF6DD79199F}
		{25B5D0F5-6F07-4B30-8E9E-19E100472C9A} = {7D2A5366-9BB2-42FD-BE7E-BFF6DD79199F}
		{B2814224-B14C-409B-BC39-0B0279A4E2D4} = {7D2A5366-9BB2-42FD-BE7E-BFF6DD79199F}
		{FF7C2CCB-6936-451F-9AC5-35B0BE9FB455} = {7D2A5366-9BB2-42FD-BE7E-BFF6DD79199F}
		{5C257D97-247D-4B9E-931E-F6D5C96C6DCB} = {7D2A5366-9BB2-42FD-BE7E-BFF6DD79199F}
		{19BF0E10-EDE7-4A1C-9F7C-52C5999D747D} = {7D2A5366-9BB2-42FD-BE7E-BFF6DD79199F}
		{7D2A5366-9BB2-42FD-BE7E-BFF6DD79199F} = {CFF52087-2C2B-46CA-9B33-5CE055037CEA}
		{FAA641F2-338C-4F39-98B5-0628BEA73481} = {CFF52087-2C2B-46CA-9B33-5CE055037CEA}
		{E0BF235B-E037-4441-B990-E562B27B47C3} = {7D2A5366-9BB2-42FD-BE7E-BFF6DD79199F}
		{03967E60-B843-4682-AF79-80A12D2E85C1} = {FAA641F2-338C-4F39-98B5-0628BEA73481}
		{DAF18DE2-944A-4BDD-B161-414CE595B8CA} = {7D2A5366-9BB2-42FD-BE7E-BFF6DD79199F}
		{A6D3D9C0-A75E-449D-ADD6-91D8EC5FD489} = {7D2A5366-9BB2-42FD-BE7E-BFF6DD79199F}
	EndGlobalSection
	GlobalSection(ExtensibilityGlobals) = postSolution
		SolutionGuid = {62224AB5-FF68-4E81-A15A-A10904E9A0ED}
	EndGlobalSection
EndGlobal
